{
    "version": 3,
    "terraform_version": "0.11.5",
    "serial": 2,
    "lineage": "7d535ac6-b9e4-0045-d517-6a1392de7024",
    "modules": [
        {
            "path": [
                "root"
            ],
            "outputs": {},
            "resources": {
                "azurerm_resource_group.dwitkowski-test": {
                    "type": "azurerm_resource_group",
                    "depends_on": [],
                    "primary": {
                        "id": "/subscriptions/6690b014-bdbd-4496-98ee-f2f255699f70/resourceGroups/dwitkowski-test-rg",
                        "attributes": {
                            "id": "/subscriptions/6690b014-bdbd-4496-98ee-f2f255699f70/resourceGroups/dwitkowski-test-rg",
                            "location": "northeurope",
                            "name": "dwitkowski-test-rg",
                            "tags.%": "1",
                            "tags.environment": "dwitkowski-test-env"
                        },
                        "meta": {},
                        "tainted": false
                    },
                    "deposed": [],
                    "provider": "provider.azurerm"
                }
            },
            "depends_on": []
        }
    ]
}
